
Microsoft Visual Studio Solution File, Format Version 12.00
# Visual Studio Version 16
VisualStudioVersion = 16.0.30406.217
MinimumVisualStudioVersion = 10.0.40219.1
Project("{FAE04EC0-301F-11D3-BF4B-00C04F79EFBC}") = "WebApp", "WebApp\WebApp.csproj", "{FE097F2C-45C7-4FD8-A3B4-CB2C3F5C5B60}"
EndProject
Project("{FAE04EC0-301F-11D3-BF4B-00C04F79EFBC}") = "Model", "Model\Model.csproj", "{CF770390-B074-4BCC-A9DF-E21F54B5534A}"
EndProject
Project("{FAE04EC0-301F-11D3-BF4B-00C04F79EFBC}") = "Common", "Common\Common.csproj", "{2179CAB2-31A6-42F4-93A0-CEF0C7833AE3}"
EndProject
Global
	GlobalSection(SolutionConfigurationPlatforms) = preSolution
		Debug|Any CPU = Debug|Any CPU
		Release|Any CPU = Release|Any CPU
	EndGlobalSection
	GlobalSection(ProjectConfigurationPlatforms) = postSolution
		{FE097F2C-45C7-4FD8-A3B4-CB2C3F5C5B60}.Debug|Any CPU.ActiveCfg = Debug|Any CPU
		{FE097F2C-45C7-4FD8-A3B4-CB2C3F5C5B60}.Debug|Any CPU.Build.0 = Debug|Any CPU
		{FE097F2C-45C7-4FD8-A3B4-CB2C3F5C5B60}.Release|Any CPU.ActiveCfg = Release|Any CPU
		{FE097F2C-45C7-4FD8-A3B4-CB2C3F5C5B60}.Release|Any CPU.Build.0 = Release|Any CPU
		{CF770390-B074-4BCC-A9DF-E21F54B5534A}.Debug|Any CPU.ActiveCfg = Debug|Any CPU
		{CF770390-B074-4BCC-A9DF-E21F54B5534A}.Debug|Any CPU.Build.0 = Debug|Any CPU
		{CF770390-B074-4BCC-A9DF-E21F54B5534A}.Release|Any CPU.ActiveCfg = Release|Any CPU
		{CF770390-B074-4BCC-A9DF-E21F54B5534A}.Release|Any CPU.Build.0 = Release|Any CPU
		{2179CAB2-31A6-42F4-93A0-CEF0C7833AE3}.Debug|Any CPU.ActiveCfg = Debug|Any CPU
		{2179CAB2-31A6-42F4-93A0-CEF0C7833AE3}.Debug|Any CPU.Build.0 = Debug|Any CPU
		{2179CAB2-31A6-42F4-93A0-CEF0C7833AE3}.Release|Any CPU.ActiveCfg = Release|Any CPU
		{2179CAB2-31A6-42F4-93A0-CEF0C7833AE3}.Release|Any CPU.Build.0 = Release|Any CPU
	EndGlobalSection
	GlobalSection(SolutionProperties) = preSolution
		HideSolutionNode = FALSE
	EndGlobalSection
	GlobalSection(ExtensibilityGlobals) = postSolution
		SolutionGuid = {8AC0E6CF-98A3-4420-8E8F-2DFD66949280}
	EndGlobalSection
EndGlobal
